
Microsoft Visual Studio Solution File, Format Version 12.00
# Visual Studio Version 17
VisualStudioVersion = 17.7.34031.279
MinimumVisualStudioVersion = 10.0.40219.1
Project("{9A19103F-16F7-4668-BE54-9A1E7A4F7556}") = "Lipstick", "Lipstick\Lipstick.csproj", "{D6E9C825-2B6C-4FEC-BC37-5AF30F042490}"
EndProject
Project("{9A19103F-16F7-4668-BE54-9A1E7A4F7556}") = "CRM", "CRM\CRM.csproj", "{087EB0B6-1545-4BF1-8996-1602DEC231E1}"
EndProject
Project("{9A19103F-16F7-4668-BE54-9A1E7A4F7556}") = "API", "API\API.csproj", "{021E38CD-755F-4B4C-9E20-966CF595F340}"
EndProject
Project("{9A19103F-16F7-4668-BE54-9A1E7A4F7556}") = "SharedLibrary", "ShareLibrary\SharedLibrary.csproj", "{2705A035-A764-465B-A87F-E647012A94BA}"
EndProject
Project("{FAE04EC0-301F-11D3-BF4B-00C04F79EFBC}") = "EmailKitService", "EmailKitService\EmailKitService.csproj", "{D9BD9397-F431-482F-97E3-9331C8D03346}"
EndProject
Global
	GlobalSection(SolutionConfigurationPlatforms) = preSolution
		Debug|Any CPU = Debug|Any CPU
		Release|Any CPU = Release|Any CPU
	EndGlobalSection
	GlobalSection(ProjectConfigurationPlatforms) = postSolution
		{D6E9C825-2B6C-4FEC-BC37-5AF30F042490}.Debug|Any CPU.ActiveCfg = Debug|Any CPU
		{D6E9C825-2B6C-4FEC-BC37-5AF30F042490}.Debug|Any CPU.Build.0 = Debug|Any CPU
		{D6E9C825-2B6C-4FEC-BC37-5AF30F042490}.Release|Any CPU.ActiveCfg = Release|Any CPU
		{D6E9C825-2B6C-4FEC-BC37-5AF30F042490}.Release|Any CPU.Build.0 = Release|Any CPU
		{087EB0B6-1545-4BF1-8996-1602DEC231E1}.Debug|Any CPU.ActiveCfg = Debug|Any CPU
		{087EB0B6-1545-4BF1-8996-1602DEC231E1}.Debug|Any CPU.Build.0 = Debug|Any CPU
		{087EB0B6-1545-4BF1-8996-1602DEC231E1}.Release|Any CPU.ActiveCfg = Release|Any CPU
		{087EB0B6-1545-4BF1-8996-1602DEC231E1}.Release|Any CPU.Build.0 = Release|Any CPU
		{021E38CD-755F-4B4C-9E20-966CF595F340}.Debug|Any CPU.ActiveCfg = Debug|Any CPU
		{021E38CD-755F-4B4C-9E20-966CF595F340}.Debug|Any CPU.Build.0 = Debug|Any CPU
		{021E38CD-755F-4B4C-9E20-966CF595F340}.Release|Any CPU.ActiveCfg = Release|Any CPU
		{021E38CD-755F-4B4C-9E20-966CF595F340}.Release|Any CPU.Build.0 = Release|Any CPU
		{2705A035-A764-465B-A87F-E647012A94BA}.Debug|Any CPU.ActiveCfg = Debug|Any CPU
		{2705A035-A764-465B-A87F-E647012A94BA}.Debug|Any CPU.Build.0 = Debug|Any CPU
		{2705A035-A764-465B-A87F-E647012A94BA}.Release|Any CPU.ActiveCfg = Release|Any CPU
		{2705A035-A764-465B-A87F-E647012A94BA}.Release|Any CPU.Build.0 = Release|Any CPU
		{D9BD9397-F431-482F-97E3-9331C8D03346}.Debug|Any CPU.ActiveCfg = Debug|Any CPU
		{D9BD9397-F431-482F-97E3-9331C8D03346}.Debug|Any CPU.Build.0 = Debug|Any CPU
		{D9BD9397-F431-482F-97E3-9331C8D03346}.Release|Any CPU.ActiveCfg = Release|Any CPU
		{D9BD9397-F431-482F-97E3-9331C8D03346}.Release|Any CPU.Build.0 = Release|Any CPU
	EndGlobalSection
	GlobalSection(SolutionProperties) = preSolution
		HideSolutionNode = FALSE
	EndGlobalSection
	GlobalSection(ExtensibilityGlobals) = postSolution
		SolutionGuid = {7291BE89-8E77-4432-800A-E089033FB567}
	EndGlobalSection
EndGlobal
