
Microsoft Visual Studio Solution File, Format Version 12.00
# Visual Studio Version 17
VisualStudioVersion = 17.7.34031.279
MinimumVisualStudioVersion = 10.0.40219.1
Project("{9A19103F-16F7-4668-BE54-9A1E7A4F7556}") = "Lipstick", "Lipstick\Lipstick.csproj", "{D6E9C825-2B6C-4FEC-BC37-5AF30F042490}"
EndProject
Project("{9A19103F-16F7-4668-BE54-9A1E7A4F7556}") = "CRM", "CRM\CRM.csproj", "{087EB0B6-1545-4BF1-8996-1602DEC231E1}"
EndProject
Project("{9A19103F-16F7-4668-BE54-9A1E7A4F7556}") = "API", "API\API.csproj", "{021E38CD-755F-4B4C-9E20-966CF595F340}"
EndProject
Project("{9A19103F-16F7-4668-BE54-9A1E7A4F7556}") = "SharedLibrary", "ShareLibrary\SharedLibrary.csproj", "{2705A035-A764-465B-A87F-E647012A94BA}"
EndProject
Project("{9A19103F-16F7-4668-BE54-9A1E7A4F7556}") = "EmailKitService", "EmailKitService\EmailKitService.csproj", "{D9BD9397-F431-482F-97E3-9331C8D03346}"
EndProject
Project("{9A19103F-16F7-4668-BE54-9A1E7A4F7556}") = "RecaptChaDemo", "RecaptChaDemo\RecaptChaDemo.csproj", "{9CE856E0-70E4-4A07-98FF-AD7E36C4450F}"
EndProject
Project("{9A19103F-16F7-4668-BE54-9A1E7A4F7556}") = "MultipleLanguageDemo", "MultipleLanguageDemo\MultipleLanguageDemo.csproj", "{7E11FFDE-C3A1-4133-A1B3-E8DFDE56CE17}"
EndProject
Project("{9A19103F-16F7-4668-BE54-9A1E7A4F7556}") = "PopUpDemo", "PopUpDemo\PopUpDemo.csproj", "{823E8E4C-1DC1-4532-915A-FF6734C93D5B}"
EndProject
Project("{9A19103F-16F7-4668-BE54-9A1E7A4F7556}") = "GoogleTranslateDemo", "GoogleTranslateDemo\GoogleTranslateDemo.csproj", "{2FED5DAD-6703-4BED-BA1A-DA60A4B49207}"
EndProject
Project("{9A19103F-16F7-4668-BE54-9A1E7A4F7556}") = "CreateQRCodeDemo", "CreateQRCodeDemo\CreateQRCodeDemo.csproj", "{FDDF62C6-9B58-42D1-9950-474E32B0EFD6}"
EndProject
Project("{9A19103F-16F7-4668-BE54-9A1E7A4F7556}") = "APIKeyDemo", "APIKeyDemo\APIKeyDemo.csproj", "{ECC14998-7D34-4B35-977E-B970C04C3347}"
EndProject
Project("{9A19103F-16F7-4668-BE54-9A1E7A4F7556}") = "JWTDemo", "JWTDemo\JWTDemo.csproj", "{36B41D98-C672-4BED-8CAF-9EDB0FD67B78}"
EndProject
Project("{9A19103F-16F7-4668-BE54-9A1E7A4F7556}") = "CustomizeDataAnnotationDemo", "CustomizeDataAnnotationDemo\CustomizeDataAnnotationDemo.csproj", "{A6CB851F-B985-4D99-AE35-6B9338567A4C}"
EndProject
Project("{9A19103F-16F7-4668-BE54-9A1E7A4F7556}") = "DapperDemo", "DapperDemo\DapperDemo.csproj", "{700C435D-1283-494A-B1AF-1F65EB328344}"
EndProject
Project("{9A19103F-16F7-4668-BE54-9A1E7A4F7556}") = "EntityDemo", "EntityDemo\EntityDemo.csproj", "{BF9D929E-E44D-4103-BB70-339569B88410}"
EndProject
Project("{FAE04EC0-301F-11D3-BF4B-00C04F79EFBC}") = "ReactJSNNetCore", "ReactJSNNetCore\ReactJSNNetCore.csproj", "{405F0D89-D1AE-4385-8193-884B8D5B6C56}"
EndProject
Global
	GlobalSection(SolutionConfigurationPlatforms) = preSolution
		Debug|Any CPU = Debug|Any CPU
		Release|Any CPU = Release|Any CPU
	EndGlobalSection
	GlobalSection(ProjectConfigurationPlatforms) = postSolution
		{D6E9C825-2B6C-4FEC-BC37-5AF30F042490}.Debug|Any CPU.ActiveCfg = Debug|Any CPU
		{D6E9C825-2B6C-4FEC-BC37-5AF30F042490}.Debug|Any CPU.Build.0 = Debug|Any CPU
		{D6E9C825-2B6C-4FEC-BC37-5AF30F042490}.Release|Any CPU.ActiveCfg = Release|Any CPU
		{D6E9C825-2B6C-4FEC-BC37-5AF30F042490}.Release|Any CPU.Build.0 = Release|Any CPU
		{087EB0B6-1545-4BF1-8996-1602DEC231E1}.Debug|Any CPU.ActiveCfg = Debug|Any CPU
		{087EB0B6-1545-4BF1-8996-1602DEC231E1}.Debug|Any CPU.Build.0 = Debug|Any CPU
		{087EB0B6-1545-4BF1-8996-1602DEC231E1}.Release|Any CPU.ActiveCfg = Release|Any CPU
		{087EB0B6-1545-4BF1-8996-1602DEC231E1}.Release|Any CPU.Build.0 = Release|Any CPU
		{021E38CD-755F-4B4C-9E20-966CF595F340}.Debug|Any CPU.ActiveCfg = Debug|Any CPU
		{021E38CD-755F-4B4C-9E20-966CF595F340}.Debug|Any CPU.Build.0 = Debug|Any CPU
		{021E38CD-755F-4B4C-9E20-966CF595F340}.Release|Any CPU.ActiveCfg = Release|Any CPU
		{021E38CD-755F-4B4C-9E20-966CF595F340}.Release|Any CPU.Build.0 = Release|Any CPU
		{2705A035-A764-465B-A87F-E647012A94BA}.Debug|Any CPU.ActiveCfg = Debug|Any CPU
		{2705A035-A764-465B-A87F-E647012A94BA}.Debug|Any CPU.Build.0 = Debug|Any CPU
		{2705A035-A764-465B-A87F-E647012A94BA}.Release|Any CPU.ActiveCfg = Release|Any CPU
		{2705A035-A764-465B-A87F-E647012A94BA}.Release|Any CPU.Build.0 = Release|Any CPU
		{D9BD9397-F431-482F-97E3-9331C8D03346}.Debug|Any CPU.ActiveCfg = Debug|Any CPU
		{D9BD9397-F431-482F-97E3-9331C8D03346}.Debug|Any CPU.Build.0 = Debug|Any CPU
		{D9BD9397-F431-482F-97E3-9331C8D03346}.Release|Any CPU.ActiveCfg = Release|Any CPU
		{D9BD9397-F431-482F-97E3-9331C8D03346}.Release|Any CPU.Build.0 = Release|Any CPU
		{9CE856E0-70E4-4A07-98FF-AD7E36C4450F}.Debug|Any CPU.ActiveCfg = Debug|Any CPU
		{9CE856E0-70E4-4A07-98FF-AD7E36C4450F}.Debug|Any CPU.Build.0 = Debug|Any CPU
		{9CE856E0-70E4-4A07-98FF-AD7E36C4450F}.Release|Any CPU.ActiveCfg = Release|Any CPU
		{9CE856E0-70E4-4A07-98FF-AD7E36C4450F}.Release|Any CPU.Build.0 = Release|Any CPU
		{7E11FFDE-C3A1-4133-A1B3-E8DFDE56CE17}.Debug|Any CPU.ActiveCfg = Debug|Any CPU
		{7E11FFDE-C3A1-4133-A1B3-E8DFDE56CE17}.Debug|Any CPU.Build.0 = Debug|Any CPU
		{7E11FFDE-C3A1-4133-A1B3-E8DFDE56CE17}.Release|Any CPU.ActiveCfg = Release|Any CPU
		{7E11FFDE-C3A1-4133-A1B3-E8DFDE56CE17}.Release|Any CPU.Build.0 = Release|Any CPU
		{823E8E4C-1DC1-4532-915A-FF6734C93D5B}.Debug|Any CPU.ActiveCfg = Debug|Any CPU
		{823E8E4C-1DC1-4532-915A-FF6734C93D5B}.Debug|Any CPU.Build.0 = Debug|Any CPU
		{823E8E4C-1DC1-4532-915A-FF6734C93D5B}.Release|Any CPU.ActiveCfg = Release|Any CPU
		{823E8E4C-1DC1-4532-915A-FF6734C93D5B}.Release|Any CPU.Build.0 = Release|Any CPU
		{2FED5DAD-6703-4BED-BA1A-DA60A4B49207}.Debug|Any CPU.ActiveCfg = Debug|Any CPU
		{2FED5DAD-6703-4BED-BA1A-DA60A4B49207}.Debug|Any CPU.Build.0 = Debug|Any CPU
		{2FED5DAD-6703-4BED-BA1A-DA60A4B49207}.Release|Any CPU.ActiveCfg = Release|Any CPU
		{2FED5DAD-6703-4BED-BA1A-DA60A4B49207}.Release|Any CPU.Build.0 = Release|Any CPU
		{FDDF62C6-9B58-42D1-9950-474E32B0EFD6}.Debug|Any CPU.ActiveCfg = Debug|Any CPU
		{FDDF62C6-9B58-42D1-9950-474E32B0EFD6}.Debug|Any CPU.Build.0 = Debug|Any CPU
		{FDDF62C6-9B58-42D1-9950-474E32B0EFD6}.Release|Any CPU.ActiveCfg = Release|Any CPU
		{FDDF62C6-9B58-42D1-9950-474E32B0EFD6}.Release|Any CPU.Build.0 = Release|Any CPU
		{ECC14998-7D34-4B35-977E-B970C04C3347}.Debug|Any CPU.ActiveCfg = Debug|Any CPU
		{ECC14998-7D34-4B35-977E-B970C04C3347}.Debug|Any CPU.Build.0 = Debug|Any CPU
		{ECC14998-7D34-4B35-977E-B970C04C3347}.Release|Any CPU.ActiveCfg = Release|Any CPU
		{ECC14998-7D34-4B35-977E-B970C04C3347}.Release|Any CPU.Build.0 = Release|Any CPU
		{36B41D98-C672-4BED-8CAF-9EDB0FD67B78}.Debug|Any CPU.ActiveCfg = Debug|Any CPU
		{36B41D98-C672-4BED-8CAF-9EDB0FD67B78}.Debug|Any CPU.Build.0 = Debug|Any CPU
		{36B41D98-C672-4BED-8CAF-9EDB0FD67B78}.Release|Any CPU.ActiveCfg = Release|Any CPU
		{36B41D98-C672-4BED-8CAF-9EDB0FD67B78}.Release|Any CPU.Build.0 = Release|Any CPU
		{A6CB851F-B985-4D99-AE35-6B9338567A4C}.Debug|Any CPU.ActiveCfg = Debug|Any CPU
		{A6CB851F-B985-4D99-AE35-6B9338567A4C}.Debug|Any CPU.Build.0 = Debug|Any CPU
		{A6CB851F-B985-4D99-AE35-6B9338567A4C}.Release|Any CPU.ActiveCfg = Release|Any CPU
		{A6CB851F-B985-4D99-AE35-6B9338567A4C}.Release|Any CPU.Build.0 = Release|Any CPU
		{700C435D-1283-494A-B1AF-1F65EB328344}.Debug|Any CPU.ActiveCfg = Debug|Any CPU
		{700C435D-1283-494A-B1AF-1F65EB328344}.Debug|Any CPU.Build.0 = Debug|Any CPU
		{700C435D-1283-494A-B1AF-1F65EB328344}.Release|Any CPU.ActiveCfg = Release|Any CPU
		{700C435D-1283-494A-B1AF-1F65EB328344}.Release|Any CPU.Build.0 = Release|Any CPU
		{BF9D929E-E44D-4103-BB70-339569B88410}.Debug|Any CPU.ActiveCfg = Debug|Any CPU
		{BF9D929E-E44D-4103-BB70-339569B88410}.Debug|Any CPU.Build.0 = Debug|Any CPU
		{BF9D929E-E44D-4103-BB70-339569B88410}.Release|Any CPU.ActiveCfg = Release|Any CPU
		{BF9D929E-E44D-4103-BB70-339569B88410}.Release|Any CPU.Build.0 = Release|Any CPU
		{405F0D89-D1AE-4385-8193-884B8D5B6C56}.Debug|Any CPU.ActiveCfg = Debug|Any CPU
		{405F0D89-D1AE-4385-8193-884B8D5B6C56}.Debug|Any CPU.Build.0 = Debug|Any CPU
		{405F0D89-D1AE-4385-8193-884B8D5B6C56}.Release|Any CPU.ActiveCfg = Release|Any CPU
		{405F0D89-D1AE-4385-8193-884B8D5B6C56}.Release|Any CPU.Build.0 = Release|Any CPU
	EndGlobalSection
	GlobalSection(SolutionProperties) = preSolution
		HideSolutionNode = FALSE
	EndGlobalSection
	GlobalSection(ExtensibilityGlobals) = postSolution
		SolutionGuid = {7291BE89-8E77-4432-800A-E089033FB567}
	EndGlobalSection
EndGlobal
